// !$*UTF8*$!
{
	archiveVersion = 1;
	classes = {
	};
	objectVersion = 46;
	objects = {

/* Begin PBXBuildFile section */
		7203D1BE1C5D9F690011E3F0 /* APNSManager.swift in Sources */ = {isa = PBXBuildFile; fileRef = 7203D1BD1C5D9F690011E3F0 /* APNSManager.swift */; };
		7203D1C01C5DA0CD0011E3F0 /* NSDataExtensions.swift in Sources */ = {isa = PBXBuildFile; fileRef = 7203D1BF1C5DA0CD0011E3F0 /* NSDataExtensions.swift */; };
		7203D1C31C5DAD580011E3F0 /* ConnectionManager.swift in Sources */ = {isa = PBXBuildFile; fileRef = 7203D1C21C5DAD580011E3F0 /* ConnectionManager.swift */; };
		7203D1C41C5DAD580011E3F0 /* ConnectionManager.swift in Sources */ = {isa = PBXBuildFile; fileRef = 7203D1C21C5DAD580011E3F0 /* ConnectionManager.swift */; };
		7203D1C61C5DBA450011E3F0 /* StatusItemController.swift in Sources */ = {isa = PBXBuildFile; fileRef = 7203D1C51C5DBA450011E3F0 /* StatusItemController.swift */; };
		7203D1CA1C5DE20F0011E3F0 /* DeviceName.swift in Sources */ = {isa = PBXBuildFile; fileRef = 7203D1C91C5DE20F0011E3F0 /* DeviceName.swift */; };
		7203D1CB1C5DE20F0011E3F0 /* DeviceName.swift in Sources */ = {isa = PBXBuildFile; fileRef = 7203D1C91C5DE20F0011E3F0 /* DeviceName.swift */; };
		721C793F1C5D41D1008EFF59 /* AppDelegate.swift in Sources */ = {isa = PBXBuildFile; fileRef = 721C793C1C5D41D1008EFF59 /* AppDelegate.swift */; };
		721C79401C5D41D1008EFF59 /* Assets.xcassets in Resources */ = {isa = PBXBuildFile; fileRef = 721C793D1C5D41D1008EFF59 /* Assets.xcassets */; };
		721C79441C5D41DD008EFF59 /* MainMenu.xib in Resources */ = {isa = PBXBuildFile; fileRef = 721C79421C5D41DD008EFF59 /* MainMenu.xib */; };
		721C79751C5D428E008EFF59 /* AppDelegate.swift in Sources */ = {isa = PBXBuildFile; fileRef = 721C79711C5D428E008EFF59 /* AppDelegate.swift */; };
		721C79761C5D428E008EFF59 /* Assets.xcassets in Resources */ = {isa = PBXBuildFile; fileRef = 721C79721C5D428E008EFF59 /* Assets.xcassets */; };
		721C79781C5D428E008EFF59 /* ViewController.swift in Sources */ = {isa = PBXBuildFile; fileRef = 721C79741C5D428E008EFF59 /* ViewController.swift */; };
		721C797D1C5D4294008EFF59 /* LaunchScreen.storyboard in Resources */ = {isa = PBXBuildFile; fileRef = 721C79791C5D4294008EFF59 /* LaunchScreen.storyboard */; };
		721C79871C5D42DE008EFF59 /* AresKit.h in Headers */ = {isa = PBXBuildFile; fileRef = 721C79861C5D42DE008EFF59 /* AresKit.h */; settings = {ATTRIBUTES = (Public, ); }; };
		721C798B1C5D42DE008EFF59 /* AresKit.framework in Frameworks */ = {isa = PBXBuildFile; fileRef = 721C79841C5D42DE008EFF59 /* AresKit.framework */; };
		721C798C1C5D42DE008EFF59 /* AresKit.framework in Embed Frameworks */ = {isa = PBXBuildFile; fileRef = 721C79841C5D42DE008EFF59 /* AresKit.framework */; settings = {ATTRIBUTES = (CodeSignOnCopy, RemoveHeadersOnCopy, ); }; };
		721C799D1C5D4301008EFF59 /* AresKit.framework in Frameworks */ = {isa = PBXBuildFile; fileRef = 721C79961C5D4301008EFF59 /* AresKit.framework */; };
		721C799E1C5D4301008EFF59 /* AresKit.framework in Embed Frameworks */ = {isa = PBXBuildFile; fileRef = 721C79961C5D4301008EFF59 /* AresKit.framework */; settings = {ATTRIBUTES = (CodeSignOnCopy, RemoveHeadersOnCopy, ); }; };
		721C79A31C5D4316008EFF59 /* AresKit.h in Headers */ = {isa = PBXBuildFile; fileRef = 721C79861C5D42DE008EFF59 /* AresKit.h */; settings = {ATTRIBUTES = (Public, ); }; };
		721C79A61C5D62A3008EFF59 /* Client.swift in Sources */ = {isa = PBXBuildFile; fileRef = 721C79A51C5D62A3008EFF59 /* Client.swift */; };
		721C79A71C5D62A3008EFF59 /* Client.swift in Sources */ = {isa = PBXBuildFile; fileRef = 721C79A51C5D62A3008EFF59 /* Client.swift */; };
		721C79C11C5D63B0008EFF59 /* Alamofire.framework in Frameworks */ = {isa = PBXBuildFile; fileRef = 721C79B81C5D63A1008EFF59 /* Alamofire.framework */; };
		721C79C21C5D63B6008EFF59 /* Alamofire.framework in Frameworks */ = {isa = PBXBuildFile; fileRef = 721C79B41C5D63A1008EFF59 /* Alamofire.framework */; };
		721C79C31C5D63BF008EFF59 /* Alamofire.framework in Frameworks */ = {isa = PBXBuildFile; fileRef = 721C79B81C5D63A1008EFF59 /* Alamofire.framework */; };
		721C79C41C5D63BF008EFF59 /* Alamofire.framework in Embed Frameworks */ = {isa = PBXBuildFile; fileRef = 721C79B81C5D63A1008EFF59 /* Alamofire.framework */; settings = {ATTRIBUTES = (CodeSignOnCopy, RemoveHeadersOnCopy, ); }; };
		721C79C71C5D63C6008EFF59 /* Alamofire.framework in Frameworks */ = {isa = PBXBuildFile; fileRef = 721C79B41C5D63A1008EFF59 /* Alamofire.framework */; };
		721C79C81C5D63C6008EFF59 /* Alamofire.framework in Embed Frameworks */ = {isa = PBXBuildFile; fileRef = 721C79B41C5D63A1008EFF59 /* Alamofire.framework */; settings = {ATTRIBUTES = (CodeSignOnCopy, RemoveHeadersOnCopy, ); }; };
		721C79CC1C5D642F008EFF59 /* User.swift in Sources */ = {isa = PBXBuildFile; fileRef = 721C79CB1C5D642F008EFF59 /* User.swift */; };
		721C79CD1C5D642F008EFF59 /* User.swift in Sources */ = {isa = PBXBuildFile; fileRef = 721C79CB1C5D642F008EFF59 /* User.swift */; };
		721C79CF1C5D64F2008EFF59 /* JSONDeserializable.swift in Sources */ = {isa = PBXBuildFile; fileRef = 721C79CE1C5D64F2008EFF59 /* JSONDeserializable.swift */; };
		721C79D01C5D64F2008EFF59 /* JSONDeserializable.swift in Sources */ = {isa = PBXBuildFile; fileRef = 721C79CE1C5D64F2008EFF59 /* JSONDeserializable.swift */; };
		721C79D21C5D6514008EFF59 /* AccessToken.swift in Sources */ = {isa = PBXBuildFile; fileRef = 721C79D11C5D6514008EFF59 /* AccessToken.swift */; };
		721C79D31C5D6514008EFF59 /* AccessToken.swift in Sources */ = {isa = PBXBuildFile; fileRef = 721C79D11C5D6514008EFF59 /* AccessToken.swift */; };
		721C79D51C5D7276008EFF59 /* CreatedUser.swift in Sources */ = {isa = PBXBuildFile; fileRef = 721C79D41C5D7276008EFF59 /* CreatedUser.swift */; };
		721C79D61C5D7276008EFF59 /* CreatedUser.swift in Sources */ = {isa = PBXBuildFile; fileRef = 721C79D41C5D7276008EFF59 /* CreatedUser.swift */; };
		721C79DC1C5D78B7008EFF59 /* CredentialStorage.swift in Sources */ = {isa = PBXBuildFile; fileRef = 721C79DB1C5D78B7008EFF59 /* CredentialStorage.swift */; };
		721C79DD1C5D78B7008EFF59 /* CredentialStorage.swift in Sources */ = {isa = PBXBuildFile; fileRef = 721C79DB1C5D78B7008EFF59 /* CredentialStorage.swift */; };
		721C79F31C5D7969008EFF59 /* Keychain.swift in Sources */ = {isa = PBXBuildFile; fileRef = 721C79F21C5D7969008EFF59 /* Keychain.swift */; };
		721C79F41C5D7969008EFF59 /* Keychain.swift in Sources */ = {isa = PBXBuildFile; fileRef = 721C79F21C5D7969008EFF59 /* Keychain.swift */; };
		721C79F71C5D8404008EFF59 /* LoginWindowController.swift in Sources */ = {isa = PBXBuildFile; fileRef = 721C79F51C5D8404008EFF59 /* LoginWindowController.swift */; };
		721C79F81C5D8404008EFF59 /* LoginWindowController.xib in Resources */ = {isa = PBXBuildFile; fileRef = 721C79F61C5D8404008EFF59 /* LoginWindowController.xib */; };
		721C79FB1C5D843E008EFF59 /* LoginViewController.swift in Sources */ = {isa = PBXBuildFile; fileRef = 721C79F91C5D843E008EFF59 /* LoginViewController.swift */; };
		721C79FC1C5D843E008EFF59 /* LoginViewController.xib in Resources */ = {isa = PBXBuildFile; fileRef = 721C79FA1C5D843E008EFF59 /* LoginViewController.xib */; };
		721C79FE1C5D89A5008EFF59 /* UIAlertControllerExtensions.swift in Sources */ = {isa = PBXBuildFile; fileRef = 721C79FD1C5D89A5008EFF59 /* UIAlertControllerExtensions.swift */; };
		721C7A001C5D9505008EFF59 /* RegisteredDevice.swift in Sources */ = {isa = PBXBuildFile; fileRef = 721C79FF1C5D9505008EFF59 /* RegisteredDevice.swift */; };
		721C7A011C5D9505008EFF59 /* RegisteredDevice.swift in Sources */ = {isa = PBXBuildFile; fileRef = 721C79FF1C5D9505008EFF59 /* RegisteredDevice.swift */; };
/* End PBXBuildFile section */

/* Begin PBXContainerItemProxy section */
		721C79891C5D42DE008EFF59 /* PBXContainerItemProxy */ = {
			isa = PBXContainerItemProxy;
			containerPortal = 721C79241C5D418C008EFF59 /* Project object */;
			proxyType = 1;
			remoteGlobalIDString = 721C79831C5D42DE008EFF59;
			remoteInfo = AresKit;
		};
		721C799B1C5D4301008EFF59 /* PBXContainerItemProxy */ = {
			isa = PBXContainerItemProxy;
			containerPortal = 721C79241C5D418C008EFF59 /* Project object */;
			proxyType = 1;
			remoteGlobalIDString = 721C79951C5D4301008EFF59;
			remoteInfo = "AresKit-iOS";
		};
		721C79B31C5D63A1008EFF59 /* PBXContainerItemProxy */ = {
			isa = PBXContainerItemProxy;
			containerPortal = 721C79A91C5D63A1008EFF59 /* Alamofire.xcodeproj */;
			proxyType = 2;
			remoteGlobalIDString = F8111E3319A95C8B0040E7D1;
			remoteInfo = "Alamofire iOS";
		};
		721C79B51C5D63A1008EFF59 /* PBXContainerItemProxy */ = {
			isa = PBXContainerItemProxy;
			containerPortal = 721C79A91C5D63A1008EFF59 /* Alamofire.xcodeproj */;
			proxyType = 2;
			remoteGlobalIDString = F8111E3E19A95C8B0040E7D1;
			remoteInfo = "Alamofire iOS Tests";
		};
		721C79B71C5D63A1008EFF59 /* PBXContainerItemProxy */ = {
			isa = PBXContainerItemProxy;
			containerPortal = 721C79A91C5D63A1008EFF59 /* Alamofire.xcodeproj */;
			proxyType = 2;
			remoteGlobalIDString = 4DD67C0B1A5C55C900ED2280;
			remoteInfo = "Alamofire OSX";
		};
		721C79B91C5D63A1008EFF59 /* PBXContainerItemProxy */ = {
			isa = PBXContainerItemProxy;
			containerPortal = 721C79A91C5D63A1008EFF59 /* Alamofire.xcodeproj */;
			proxyType = 2;
			remoteGlobalIDString = F829C6B21A7A94F100A2CD59;
			remoteInfo = "Alamofire OSX Tests";
		};
		721C79BB1C5D63A1008EFF59 /* PBXContainerItemProxy */ = {
			isa = PBXContainerItemProxy;
			containerPortal = 721C79A91C5D63A1008EFF59 /* Alamofire.xcodeproj */;
			proxyType = 2;
			remoteGlobalIDString = 4CF626EF1BA7CB3E0011A099;
			remoteInfo = "Alamofire tvOS";
		};
		721C79BD1C5D63A1008EFF59 /* PBXContainerItemProxy */ = {
			isa = PBXContainerItemProxy;
			containerPortal = 721C79A91C5D63A1008EFF59 /* Alamofire.xcodeproj */;
			proxyType = 2;
			remoteGlobalIDString = 4CF626F81BA7CB3E0011A099;
			remoteInfo = "Alamofire tvOS Tests";
		};
		721C79BF1C5D63A1008EFF59 /* PBXContainerItemProxy */ = {
			isa = PBXContainerItemProxy;
			containerPortal = 721C79A91C5D63A1008EFF59 /* Alamofire.xcodeproj */;
			proxyType = 2;
			remoteGlobalIDString = E4202FE01B667AA100C997FB;
			remoteInfo = "Alamofire watchOS";
		};
		721C79C51C5D63BF008EFF59 /* PBXContainerItemProxy */ = {
			isa = PBXContainerItemProxy;
			containerPortal = 721C79A91C5D63A1008EFF59 /* Alamofire.xcodeproj */;
			proxyType = 1;
			remoteGlobalIDString = 4DD67C0A1A5C55C900ED2280;
			remoteInfo = "Alamofire OSX";
		};
		721C79C91C5D63C6008EFF59 /* PBXContainerItemProxy */ = {
			isa = PBXContainerItemProxy;
			containerPortal = 721C79A91C5D63A1008EFF59 /* Alamofire.xcodeproj */;
			proxyType = 1;
			remoteGlobalIDString = F8111E3219A95C8B0040E7D1;
			remoteInfo = "Alamofire iOS";
		};
/* End PBXContainerItemProxy section */

/* Begin PBXCopyFilesBuildPhase section */
		721C79901C5D42DE008EFF59 /* Embed Frameworks */ = {
			isa = PBXCopyFilesBuildPhase;
			buildActionMask = 2147483647;
			dstPath = "";
			dstSubfolderSpec = 10;
			files = (
				721C798C1C5D42DE008EFF59 /* AresKit.framework in Embed Frameworks */,
				721C79C41C5D63BF008EFF59 /* Alamofire.framework in Embed Frameworks */,
			);
			name = "Embed Frameworks";
			runOnlyForDeploymentPostprocessing = 0;
		};
		721C79A21C5D4302008EFF59 /* Embed Frameworks */ = {
			isa = PBXCopyFilesBuildPhase;
			buildActionMask = 2147483647;
			dstPath = "";
			dstSubfolderSpec = 10;
			files = (
				721C799E1C5D4301008EFF59 /* AresKit.framework in Embed Frameworks */,
				721C79C81C5D63C6008EFF59 /* Alamofire.framework in Embed Frameworks */,
			);
			name = "Embed Frameworks";
			runOnlyForDeploymentPostprocessing = 0;
		};
/* End PBXCopyFilesBuildPhase section */

/* Begin PBXFileReference section */
		7203D1BD1C5D9F690011E3F0 /* APNSManager.swift */ = {isa = PBXFileReference; fileEncoding = 4; lastKnownFileType = sourcecode.swift; name = APNSManager.swift; path = iOS/APNSManager.swift; sourceTree = SOURCE_ROOT; };
		7203D1BF1C5DA0CD0011E3F0 /* NSDataExtensions.swift */ = {isa = PBXFileReference; fileEncoding = 4; lastKnownFileType = sourcecode.swift; name = NSDataExtensions.swift; path = iOS/NSDataExtensions.swift; sourceTree = SOURCE_ROOT; };
		7203D1C11C5DA8F10011E3F0 /* Ares.entitlements */ = {isa = PBXFileReference; lastKnownFileType = text.xml; path = Ares.entitlements; sourceTree = "<group>"; };
		7203D1C21C5DAD580011E3F0 /* ConnectionManager.swift */ = {isa = PBXFileReference; fileEncoding = 4; lastKnownFileType = sourcecode.swift; path = ConnectionManager.swift; sourceTree = "<group>"; };
		7203D1C51C5DBA450011E3F0 /* StatusItemController.swift */ = {isa = PBXFileReference; fileEncoding = 4; lastKnownFileType = sourcecode.swift; name = StatusItemController.swift; path = Mac/StatusItemController.swift; sourceTree = SOURCE_ROOT; };
		7203D1C91C5DE20F0011E3F0 /* DeviceName.swift */ = {isa = PBXFileReference; fileEncoding = 4; lastKnownFileType = sourcecode.swift; path = DeviceName.swift; sourceTree = "<group>"; };
		721C792C1C5D418C008EFF59 /* Ares.app */ = {isa = PBXFileReference; explicitFileType = wrapper.application; includeInIndex = 0; path = Ares.app; sourceTree = BUILT_PRODUCTS_DIR; };
		721C793C1C5D41D1008EFF59 /* AppDelegate.swift */ = {isa = PBXFileReference; fileEncoding = 4; lastKnownFileType = sourcecode.swift; name = AppDelegate.swift; path = Mac/AppDelegate.swift; sourceTree = SOURCE_ROOT; };
		721C793D1C5D41D1008EFF59 /* Assets.xcassets */ = {isa = PBXFileReference; lastKnownFileType = folder.assetcatalog; name = Assets.xcassets; path = Mac/Assets.xcassets; sourceTree = SOURCE_ROOT; };
		721C793E1C5D41D1008EFF59 /* Info.plist */ = {isa = PBXFileReference; fileEncoding = 4; lastKnownFileType = text.plist.xml; name = Info.plist; path = Mac/Info.plist; sourceTree = SOURCE_ROOT; };
		721C79431C5D41DD008EFF59 /* Base */ = {isa = PBXFileReference; lastKnownFileType = file.xib; name = Base; path = Mac/Base.lproj/MainMenu.xib; sourceTree = SOURCE_ROOT; };
		721C795F1C5D426C008EFF59 /* Ares.app */ = {isa = PBXFileReference; explicitFileType = wrapper.application; includeInIndex = 0; path = Ares.app; sourceTree = BUILT_PRODUCTS_DIR; };
		721C79711C5D428E008EFF59 /* AppDelegate.swift */ = {isa = PBXFileReference; fileEncoding = 4; lastKnownFileType = sourcecode.swift; name = AppDelegate.swift; path = iOS/AppDelegate.swift; sourceTree = SOURCE_ROOT; };
		721C79721C5D428E008EFF59 /* Assets.xcassets */ = {isa = PBXFileReference; lastKnownFileType = folder.assetcatalog; name = Assets.xcassets; path = iOS/Assets.xcassets; sourceTree = SOURCE_ROOT; };
		721C79731C5D428E008EFF59 /* Info.plist */ = {isa = PBXFileReference; fileEncoding = 4; lastKnownFileType = text.plist.xml; name = Info.plist; path = iOS/Info.plist; sourceTree = SOURCE_ROOT; };
		721C79741C5D428E008EFF59 /* ViewController.swift */ = {isa = PBXFileReference; fileEncoding = 4; lastKnownFileType = sourcecode.swift; name = ViewController.swift; path = iOS/ViewController.swift; sourceTree = SOURCE_ROOT; };
		721C797A1C5D4294008EFF59 /* Base */ = {isa = PBXFileReference; lastKnownFileType = file.storyboard; name = Base; path = iOS/Base.lproj/LaunchScreen.storyboard; sourceTree = SOURCE_ROOT; };
		721C79841C5D42DE008EFF59 /* AresKit.framework */ = {isa = PBXFileReference; explicitFileType = wrapper.framework; includeInIndex = 0; path = AresKit.framework; sourceTree = BUILT_PRODUCTS_DIR; };
		721C79861C5D42DE008EFF59 /* AresKit.h */ = {isa = PBXFileReference; lastKnownFileType = sourcecode.c.h; path = AresKit.h; sourceTree = "<group>"; };
		721C79881C5D42DE008EFF59 /* Info.plist */ = {isa = PBXFileReference; lastKnownFileType = text.plist.xml; path = Info.plist; sourceTree = "<group>"; };
		721C79961C5D4301008EFF59 /* AresKit.framework */ = {isa = PBXFileReference; explicitFileType = wrapper.framework; includeInIndex = 0; path = AresKit.framework; sourceTree = BUILT_PRODUCTS_DIR; };
		721C79A51C5D62A3008EFF59 /* Client.swift */ = {isa = PBXFileReference; fileEncoding = 4; lastKnownFileType = sourcecode.swift; path = Client.swift; sourceTree = "<group>"; };
		721C79A91C5D63A1008EFF59 /* Alamofire.xcodeproj */ = {isa = PBXFileReference; lastKnownFileType = "wrapper.pb-project"; name = Alamofire.xcodeproj; path = External/Alamofire/Alamofire.xcodeproj; sourceTree = "<group>"; };
		721C79CB1C5D642F008EFF59 /* User.swift */ = {isa = PBXFileReference; fileEncoding = 4; lastKnownFileType = sourcecode.swift; path = User.swift; sourceTree = "<group>"; };
		721C79CE1C5D64F2008EFF59 /* JSONDeserializable.swift */ = {isa = PBXFileReference; fileEncoding = 4; lastKnownFileType = sourcecode.swift; path = JSONDeserializable.swift; sourceTree = "<group>"; };
		721C79D11C5D6514008EFF59 /* AccessToken.swift */ = {isa = PBXFileReference; fileEncoding = 4; lastKnownFileType = sourcecode.swift; path = AccessToken.swift; sourceTree = "<group>"; };
		721C79D41C5D7276008EFF59 /* CreatedUser.swift */ = {isa = PBXFileReference; fileEncoding = 4; lastKnownFileType = sourcecode.swift; path = CreatedUser.swift; sourceTree = "<group>"; };
		721C79DB1C5D78B7008EFF59 /* CredentialStorage.swift */ = {isa = PBXFileReference; fileEncoding = 4; lastKnownFileType = sourcecode.swift; path = CredentialStorage.swift; sourceTree = "<group>"; };
		721C79F21C5D7969008EFF59 /* Keychain.swift */ = {isa = PBXFileReference; fileEncoding = 4; lastKnownFileType = sourcecode.swift; name = Keychain.swift; path = External/KeychainAccess/Lib/KeychainAccess/Keychain.swift; sourceTree = SOURCE_ROOT; };
		721C79F51C5D8404008EFF59 /* LoginWindowController.swift */ = {isa = PBXFileReference; fileEncoding = 4; lastKnownFileType = sourcecode.swift; name = LoginWindowController.swift; path = Mac/LoginWindowController.swift; sourceTree = SOURCE_ROOT; };
		721C79F61C5D8404008EFF59 /* LoginWindowController.xib */ = {isa = PBXFileReference; fileEncoding = 4; lastKnownFileType = file.xib; name = LoginWindowController.xib; path = Mac/LoginWindowController.xib; sourceTree = SOURCE_ROOT; };
		721C79F91C5D843E008EFF59 /* LoginViewController.swift */ = {isa = PBXFileReference; fileEncoding = 4; lastKnownFileType = sourcecode.swift; name = LoginViewController.swift; path = iOS/LoginViewController.swift; sourceTree = SOURCE_ROOT; };
		721C79FA1C5D843E008EFF59 /* LoginViewController.xib */ = {isa = PBXFileReference; fileEncoding = 4; lastKnownFileType = file.xib; name = LoginViewController.xib; path = iOS/LoginViewController.xib; sourceTree = SOURCE_ROOT; };
		721C79FD1C5D89A5008EFF59 /* UIAlertControllerExtensions.swift */ = {isa = PBXFileReference; fileEncoding = 4; lastKnownFileType = sourcecode.swift; name = UIAlertControllerExtensions.swift; path = iOS/UIAlertControllerExtensions.swift; sourceTree = SOURCE_ROOT; };
		721C79FF1C5D9505008EFF59 /* RegisteredDevice.swift */ = {isa = PBXFileReference; fileEncoding = 4; lastKnownFileType = sourcecode.swift; path = RegisteredDevice.swift; sourceTree = "<group>"; };
/* End PBXFileReference section */

/* Begin PBXFrameworksBuildPhase section */
		721C79291C5D418C008EFF59 /* Frameworks */ = {
			isa = PBXFrameworksBuildPhase;
			buildActionMask = 2147483647;
			files = (
				721C798B1C5D42DE008EFF59 /* AresKit.framework in Frameworks */,
				721C79C31C5D63BF008EFF59 /* Alamofire.framework in Frameworks */,
			);
			runOnlyForDeploymentPostprocessing = 0;
		};
		721C795C1C5D426C008EFF59 /* Frameworks */ = {
			isa = PBXFrameworksBuildPhase;
			buildActionMask = 2147483647;
			files = (
				721C799D1C5D4301008EFF59 /* AresKit.framework in Frameworks */,
				721C79C71C5D63C6008EFF59 /* Alamofire.framework in Frameworks */,
			);
			runOnlyForDeploymentPostprocessing = 0;
		};
		721C79801C5D42DE008EFF59 /* Frameworks */ = {
			isa = PBXFrameworksBuildPhase;
			buildActionMask = 2147483647;
			files = (
				721C79C11C5D63B0008EFF59 /* Alamofire.framework in Frameworks */,
			);
			runOnlyForDeploymentPostprocessing = 0;
		};
		721C79921C5D4301008EFF59 /* Frameworks */ = {
			isa = PBXFrameworksBuildPhase;
			buildActionMask = 2147483647;
			files = (
				721C79C21C5D63B6008EFF59 /* Alamofire.framework in Frameworks */,
			);
			runOnlyForDeploymentPostprocessing = 0;
		};
/* End PBXFrameworksBuildPhase section */

/* Begin PBXGroup section */
		721C79231C5D418C008EFF59 = {
			isa = PBXGroup;
			children = (
				7203D1C11C5DA8F10011E3F0 /* Ares.entitlements */,
				721C79A81C5D6397008EFF59 /* External */,
				721C792E1C5D418C008EFF59 /* Mac */,
				721C79601C5D426C008EFF59 /* iOS */,
				721C79851C5D42DE008EFF59 /* AresKit */,
				721C792D1C5D418C008EFF59 /* Products */,
			);
			sourceTree = "<group>";
		};
		721C792D1C5D418C008EFF59 /* Products */ = {
			isa = PBXGroup;
			children = (
				721C792C1C5D418C008EFF59 /* Ares.app */,
				721C795F1C5D426C008EFF59 /* Ares.app */,
				721C79841C5D42DE008EFF59 /* AresKit.framework */,
				721C79961C5D4301008EFF59 /* AresKit.framework */,
			);
			name = Products;
			sourceTree = "<group>";
		};
		721C792E1C5D418C008EFF59 /* Mac */ = {
			isa = PBXGroup;
			children = (
				721C793C1C5D41D1008EFF59 /* AppDelegate.swift */,
				721C793D1C5D41D1008EFF59 /* Assets.xcassets */,
				721C793E1C5D41D1008EFF59 /* Info.plist */,
				721C79421C5D41DD008EFF59 /* MainMenu.xib */,
				721C79F51C5D8404008EFF59 /* LoginWindowController.swift */,
				721C79F61C5D8404008EFF59 /* LoginWindowController.xib */,
				7203D1C51C5DBA450011E3F0 /* StatusItemController.swift */,
			);
			name = Mac;
			path = Ares;
			sourceTree = "<group>";
		};
		721C79601C5D426C008EFF59 /* iOS */ = {
			isa = PBXGroup;
			children = (
				721C79711C5D428E008EFF59 /* AppDelegate.swift */,
				721C79721C5D428E008EFF59 /* Assets.xcassets */,
				721C79731C5D428E008EFF59 /* Info.plist */,
				721C79741C5D428E008EFF59 /* ViewController.swift */,
				721C79791C5D4294008EFF59 /* LaunchScreen.storyboard */,
				721C79F91C5D843E008EFF59 /* LoginViewController.swift */,
				721C79FA1C5D843E008EFF59 /* LoginViewController.xib */,
				721C79FD1C5D89A5008EFF59 /* UIAlertControllerExtensions.swift */,
				7203D1BD1C5D9F690011E3F0 /* APNSManager.swift */,
				7203D1BF1C5DA0CD0011E3F0 /* NSDataExtensions.swift */,
			);
			name = iOS;
			path = "Ares-iOS";
			sourceTree = "<group>";
		};
		721C79851C5D42DE008EFF59 /* AresKit */ = {
			isa = PBXGroup;
			children = (
				721C79861C5D42DE008EFF59 /* AresKit.h */,
				721C79881C5D42DE008EFF59 /* Info.plist */,
				721C79A51C5D62A3008EFF59 /* Client.swift */,
				721C79CB1C5D642F008EFF59 /* User.swift */,
				721C79CE1C5D64F2008EFF59 /* JSONDeserializable.swift */,
				721C79D11C5D6514008EFF59 /* AccessToken.swift */,
				721C79D41C5D7276008EFF59 /* CreatedUser.swift */,
				721C79DB1C5D78B7008EFF59 /* CredentialStorage.swift */,
				721C79F21C5D7969008EFF59 /* Keychain.swift */,
				721C79FF1C5D9505008EFF59 /* RegisteredDevice.swift */,
				7203D1C21C5DAD580011E3F0 /* ConnectionManager.swift */,
				7203D1C91C5DE20F0011E3F0 /* DeviceName.swift */,
			);
			path = AresKit;
			sourceTree = "<group>";
		};
		721C79A81C5D6397008EFF59 /* External */ = {
			isa = PBXGroup;
			children = (
				721C79A91C5D63A1008EFF59 /* Alamofire.xcodeproj */,
			);
			name = External;
			sourceTree = "<group>";
		};
		721C79AA1C5D63A1008EFF59 /* Products */ = {
			isa = PBXGroup;
			children = (
				721C79B41C5D63A1008EFF59 /* Alamofire.framework */,
				721C79B61C5D63A1008EFF59 /* Alamofire iOS Tests.xctest */,
				721C79B81C5D63A1008EFF59 /* Alamofire.framework */,
				721C79BA1C5D63A1008EFF59 /* Alamofire OSX Tests.xctest */,
				721C79BC1C5D63A1008EFF59 /* Alamofire.framework */,
				721C79BE1C5D63A1008EFF59 /* Alamofire tvOS Tests.xctest */,
				721C79C01C5D63A1008EFF59 /* Alamofire.framework */,
			);
			name = Products;
			sourceTree = "<group>";
		};
/* End PBXGroup section */

/* Begin PBXHeadersBuildPhase section */
		721C79811C5D42DE008EFF59 /* Headers */ = {
			isa = PBXHeadersBuildPhase;
			buildActionMask = 2147483647;
			files = (
				721C79871C5D42DE008EFF59 /* AresKit.h in Headers */,
			);
			runOnlyForDeploymentPostprocessing = 0;
		};
		721C79931C5D4301008EFF59 /* Headers */ = {
			isa = PBXHeadersBuildPhase;
			buildActionMask = 2147483647;
			files = (
				721C79A31C5D4316008EFF59 /* AresKit.h in Headers */,
			);
			runOnlyForDeploymentPostprocessing = 0;
		};
/* End PBXHeadersBuildPhase section */

/* Begin PBXNativeTarget section */
		721C792B1C5D418C008EFF59 /* Ares-Mac */ = {
			isa = PBXNativeTarget;
			buildConfigurationList = 721C79391C5D418C008EFF59 /* Build configuration list for PBXNativeTarget "Ares-Mac" */;
			buildPhases = (
				721C79281C5D418C008EFF59 /* Sources */,
				721C79291C5D418C008EFF59 /* Frameworks */,
				721C792A1C5D418C008EFF59 /* Resources */,
				721C79901C5D42DE008EFF59 /* Embed Frameworks */,
			);
			buildRules = (
			);
			dependencies = (
				721C798A1C5D42DE008EFF59 /* PBXTargetDependency */,
				721C79C61C5D63BF008EFF59 /* PBXTargetDependency */,
			);
			name = "Ares-Mac";
			productName = Ares;
			productReference = 721C792C1C5D418C008EFF59 /* Ares.app */;
			productType = "com.apple.product-type.application";
		};
		721C795E1C5D426C008EFF59 /* Ares-iOS */ = {
			isa = PBXNativeTarget;
			buildConfigurationList = 721C796E1C5D426C008EFF59 /* Build configuration list for PBXNativeTarget "Ares-iOS" */;
			buildPhases = (
				721C795B1C5D426C008EFF59 /* Sources */,
				721C795C1C5D426C008EFF59 /* Frameworks */,
				721C795D1C5D426C008EFF59 /* Resources */,
				721C79A21C5D4302008EFF59 /* Embed Frameworks */,
			);
			buildRules = (
			);
			dependencies = (
				721C799C1C5D4301008EFF59 /* PBXTargetDependency */,
				721C79CA1C5D63C6008EFF59 /* PBXTargetDependency */,
			);
			name = "Ares-iOS";
			productName = "Ares-iOS";
			productReference = 721C795F1C5D426C008EFF59 /* Ares.app */;
			productType = "com.apple.product-type.application";
		};
		721C79831C5D42DE008EFF59 /* AresKit-Mac */ = {
			isa = PBXNativeTarget;
			buildConfigurationList = 721C798D1C5D42DE008EFF59 /* Build configuration list for PBXNativeTarget "AresKit-Mac" */;
			buildPhases = (
				721C797F1C5D42DE008EFF59 /* Sources */,
				721C79801C5D42DE008EFF59 /* Frameworks */,
				721C79811C5D42DE008EFF59 /* Headers */,
				721C79821C5D42DE008EFF59 /* Resources */,
			);
			buildRules = (
			);
			dependencies = (
			);
			name = "AresKit-Mac";
			productName = AresKit;
			productReference = 721C79841C5D42DE008EFF59 /* AresKit.framework */;
			productType = "com.apple.product-type.framework";
		};
		721C79951C5D4301008EFF59 /* AresKit-iOS */ = {
			isa = PBXNativeTarget;
			buildConfigurationList = 721C799F1C5D4302008EFF59 /* Build configuration list for PBXNativeTarget "AresKit-iOS" */;
			buildPhases = (
				721C79911C5D4301008EFF59 /* Sources */,
				721C79921C5D4301008EFF59 /* Frameworks */,
				721C79931C5D4301008EFF59 /* Headers */,
				721C79941C5D4301008EFF59 /* Resources */,
			);
			buildRules = (
			);
			dependencies = (
			);
			name = "AresKit-iOS";
			productName = "AresKit-iOS";
			productReference = 721C79961C5D4301008EFF59 /* AresKit.framework */;
			productType = "com.apple.product-type.framework";
		};
/* End PBXNativeTarget section */

/* Begin PBXProject section */
		721C79241C5D418C008EFF59 /* Project object */ = {
			isa = PBXProject;
			attributes = {
				LastSwiftUpdateCheck = 0730;
				LastUpgradeCheck = 0730;
				ORGANIZATIONNAME = "Indragie Karunaratne";
				TargetAttributes = {
					721C792B1C5D418C008EFF59 = {
						CreatedOnToolsVersion = 7.3;
						DevelopmentTeam = H73VKH7W9W;
					};
					721C795E1C5D426C008EFF59 = {
						CreatedOnToolsVersion = 7.3;
						DevelopmentTeam = H73VKH7W9W;
						SystemCapabilities = {
							com.apple.Keychain = {
								enabled = 1;
							};
						};
					};
					721C79831C5D42DE008EFF59 = {
						CreatedOnToolsVersion = 7.3;
					};
					721C79951C5D4301008EFF59 = {
						CreatedOnToolsVersion = 7.3;
					};
				};
			};
			buildConfigurationList = 721C79271C5D418C008EFF59 /* Build configuration list for PBXProject "Ares" */;
			compatibilityVersion = "Xcode 3.2";
			developmentRegion = English;
			hasScannedForEncodings = 0;
			knownRegions = (
				en,
				Base,
			);
			mainGroup = 721C79231C5D418C008EFF59;
			productRefGroup = 721C792D1C5D418C008EFF59 /* Products */;
			projectDirPath = "";
			projectReferences = (
				{
					ProductGroup = 721C79AA1C5D63A1008EFF59 /* Products */;
					ProjectRef = 721C79A91C5D63A1008EFF59 /* Alamofire.xcodeproj */;
				},
			);
			projectRoot = "";
			targets = (
				721C792B1C5D418C008EFF59 /* Ares-Mac */,
				721C795E1C5D426C008EFF59 /* Ares-iOS */,
				721C79831C5D42DE008EFF59 /* AresKit-Mac */,
				721C79951C5D4301008EFF59 /* AresKit-iOS */,
			);
		};
/* End PBXProject section */

/* Begin PBXReferenceProxy section */
		721C79B41C5D63A1008EFF59 /* Alamofire.framework */ = {
			isa = PBXReferenceProxy;
			fileType = wrapper.framework;
			path = Alamofire.framework;
			remoteRef = 721C79B31C5D63A1008EFF59 /* PBXContainerItemProxy */;
			sourceTree = BUILT_PRODUCTS_DIR;
		};
		721C79B61C5D63A1008EFF59 /* Alamofire iOS Tests.xctest */ = {
			isa = PBXReferenceProxy;
			fileType = wrapper.cfbundle;
			path = "Alamofire iOS Tests.xctest";
			remoteRef = 721C79B51C5D63A1008EFF59 /* PBXContainerItemProxy */;
			sourceTree = BUILT_PRODUCTS_DIR;
		};
		721C79B81C5D63A1008EFF59 /* Alamofire.framework */ = {
			isa = PBXReferenceProxy;
			fileType = wrapper.framework;
			path = Alamofire.framework;
			remoteRef = 721C79B71C5D63A1008EFF59 /* PBXContainerItemProxy */;
			sourceTree = BUILT_PRODUCTS_DIR;
		};
		721C79BA1C5D63A1008EFF59 /* Alamofire OSX Tests.xctest */ = {
			isa = PBXReferenceProxy;
			fileType = wrapper.cfbundle;
			path = "Alamofire OSX Tests.xctest";
			remoteRef = 721C79B91C5D63A1008EFF59 /* PBXContainerItemProxy */;
			sourceTree = BUILT_PRODUCTS_DIR;
		};
		721C79BC1C5D63A1008EFF59 /* Alamofire.framework */ = {
			isa = PBXReferenceProxy;
			fileType = wrapper.framework;
			path = Alamofire.framework;
			remoteRef = 721C79BB1C5D63A1008EFF59 /* PBXContainerItemProxy */;
			sourceTree = BUILT_PRODUCTS_DIR;
		};
		721C79BE1C5D63A1008EFF59 /* Alamofire tvOS Tests.xctest */ = {
			isa = PBXReferenceProxy;
			fileType = wrapper.cfbundle;
			path = "Alamofire tvOS Tests.xctest";
			remoteRef = 721C79BD1C5D63A1008EFF59 /* PBXContainerItemProxy */;
			sourceTree = BUILT_PRODUCTS_DIR;
		};
		721C79C01C5D63A1008EFF59 /* Alamofire.framework */ = {
			isa = PBXReferenceProxy;
			fileType = wrapper.framework;
			path = Alamofire.framework;
			remoteRef = 721C79BF1C5D63A1008EFF59 /* PBXContainerItemProxy */;
			sourceTree = BUILT_PRODUCTS_DIR;
		};
/* End PBXReferenceProxy section */

/* Begin PBXResourcesBuildPhase section */
		721C792A1C5D418C008EFF59 /* Resources */ = {
			isa = PBXResourcesBuildPhase;
			buildActionMask = 2147483647;
			files = (
				721C79F81C5D8404008EFF59 /* LoginWindowController.xib in Resources */,
				721C79401C5D41D1008EFF59 /* Assets.xcassets in Resources */,
				721C79441C5D41DD008EFF59 /* MainMenu.xib in Resources */,
			);
			runOnlyForDeploymentPostprocessing = 0;
		};
		721C795D1C5D426C008EFF59 /* Resources */ = {
			isa = PBXResourcesBuildPhase;
			buildActionMask = 2147483647;
			files = (
				721C79FC1C5D843E008EFF59 /* LoginViewController.xib in Resources */,
				721C797D1C5D4294008EFF59 /* LaunchScreen.storyboard in Resources */,
				721C79761C5D428E008EFF59 /* Assets.xcassets in Resources */,
			);
			runOnlyForDeploymentPostprocessing = 0;
		};
		721C79821C5D42DE008EFF59 /* Resources */ = {
			isa = PBXResourcesBuildPhase;
			buildActionMask = 2147483647;
			files = (
			);
			runOnlyForDeploymentPostprocessing = 0;
		};
		721C79941C5D4301008EFF59 /* Resources */ = {
			isa = PBXResourcesBuildPhase;
			buildActionMask = 2147483647;
			files = (
			);
			runOnlyForDeploymentPostprocessing = 0;
		};
/* End PBXResourcesBuildPhase section */

/* Begin PBXSourcesBuildPhase section */
		721C79281C5D418C008EFF59 /* Sources */ = {
			isa = PBXSourcesBuildPhase;
			buildActionMask = 2147483647;
			files = (
				721C793F1C5D41D1008EFF59 /* AppDelegate.swift in Sources */,
				721C79F71C5D8404008EFF59 /* LoginWindowController.swift in Sources */,
				7203D1C61C5DBA450011E3F0 /* StatusItemController.swift in Sources */,
			);
			runOnlyForDeploymentPostprocessing = 0;
		};
		721C795B1C5D426C008EFF59 /* Sources */ = {
			isa = PBXSourcesBuildPhase;
			buildActionMask = 2147483647;
			files = (
				721C79FB1C5D843E008EFF59 /* LoginViewController.swift in Sources */,
				721C79781C5D428E008EFF59 /* ViewController.swift in Sources */,
				7203D1C01C5DA0CD0011E3F0 /* NSDataExtensions.swift in Sources */,
				721C79FE1C5D89A5008EFF59 /* UIAlertControllerExtensions.swift in Sources */,
				7203D1BE1C5D9F690011E3F0 /* APNSManager.swift in Sources */,
				721C79751C5D428E008EFF59 /* AppDelegate.swift in Sources */,
			);
			runOnlyForDeploymentPostprocessing = 0;
		};
		721C797F1C5D42DE008EFF59 /* Sources */ = {
			isa = PBXSourcesBuildPhase;
			buildActionMask = 2147483647;
			files = (
				721C79CC1C5D642F008EFF59 /* User.swift in Sources */,
				721C79A61C5D62A3008EFF59 /* Client.swift in Sources */,
				721C79D51C5D7276008EFF59 /* CreatedUser.swift in Sources */,
				7203D1C31C5DAD580011E3F0 /* ConnectionManager.swift in Sources */,
				721C79CF1C5D64F2008EFF59 /* JSONDeserializable.swift in Sources */,
				721C79DC1C5D78B7008EFF59 /* CredentialStorage.swift in Sources */,
				721C79D21C5D6514008EFF59 /* AccessToken.swift in Sources */,
				721C79F31C5D7969008EFF59 /* Keychain.swift in Sources */,
				7203D1CA1C5DE20F0011E3F0 /* DeviceName.swift in Sources */,
				721C7A001C5D9505008EFF59 /* RegisteredDevice.swift in Sources */,
			);
			runOnlyForDeploymentPostprocessing = 0;
		};
		721C79911C5D4301008EFF59 /* Sources */ = {
			isa = PBXSourcesBuildPhase;
			buildActionMask = 2147483647;
			files = (
				721C79CD1C5D642F008EFF59 /* User.swift in Sources */,
				721C79A71C5D62A3008EFF59 /* Client.swift in Sources */,
				721C79D61C5D7276008EFF59 /* CreatedUser.swift in Sources */,
				7203D1C41C5DAD580011E3F0 /* ConnectionManager.swift in Sources */,
				721C79D01C5D64F2008EFF59 /* JSONDeserializable.swift in Sources */,
				721C79DD1C5D78B7008EFF59 /* CredentialStorage.swift in Sources */,
				721C79D31C5D6514008EFF59 /* AccessToken.swift in Sources */,
				721C79F41C5D7969008EFF59 /* Keychain.swift in Sources */,
				7203D1CB1C5DE20F0011E3F0 /* DeviceName.swift in Sources */,
				721C7A011C5D9505008EFF59 /* RegisteredDevice.swift in Sources */,
			);
			runOnlyForDeploymentPostprocessing = 0;
		};
/* End PBXSourcesBuildPhase section */

/* Begin PBXTargetDependency section */
		721C798A1C5D42DE008EFF59 /* PBXTargetDependency */ = {
			isa = PBXTargetDependency;
			target = 721C79831C5D42DE008EFF59 /* AresKit-Mac */;
			targetProxy = 721C79891C5D42DE008EFF59 /* PBXContainerItemProxy */;
		};
		721C799C1C5D4301008EFF59 /* PBXTargetDependency */ = {
			isa = PBXTargetDependency;
			target = 721C79951C5D4301008EFF59 /* AresKit-iOS */;
			targetProxy = 721C799B1C5D4301008EFF59 /* PBXContainerItemProxy */;
		};
		721C79C61C5D63BF008EFF59 /* PBXTargetDependency */ = {
			isa = PBXTargetDependency;
			name = "Alamofire OSX";
			targetProxy = 721C79C51C5D63BF008EFF59 /* PBXContainerItemProxy */;
		};
		721C79CA1C5D63C6008EFF59 /* PBXTargetDependency */ = {
			isa = PBXTargetDependency;
			name = "Alamofire iOS";
			targetProxy = 721C79C91C5D63C6008EFF59 /* PBXContainerItemProxy */;
		};
/* End PBXTargetDependency section */

/* Begin PBXVariantGroup section */
		721C79421C5D41DD008EFF59 /* MainMenu.xib */ = {
			isa = PBXVariantGroup;
			children = (
				721C79431C5D41DD008EFF59 /* Base */,
			);
			name = MainMenu.xib;
			sourceTree = "<group>";
		};
		721C79791C5D4294008EFF59 /* LaunchScreen.storyboard */ = {
			isa = PBXVariantGroup;
			children = (
				721C797A1C5D4294008EFF59 /* Base */,
			);
			name = LaunchScreen.storyboard;
			sourceTree = "<group>";
		};
/* End PBXVariantGroup section */

/* Begin XCBuildConfiguration section */
		721C79371C5D418C008EFF59 /* Debug */ = {
			isa = XCBuildConfiguration;
			buildSettings = {
				ALWAYS_SEARCH_USER_PATHS = NO;
				CLANG_CXX_LANGUAGE_STANDARD = "gnu++0x";
				CLANG_CXX_LIBRARY = "libc++";
				CLANG_ENABLE_MODULES = YES;
				CLANG_ENABLE_OBJC_ARC = YES;
				CLANG_WARN_BOOL_CONVERSION = YES;
				CLANG_WARN_CONSTANT_CONVERSION = YES;
				CLANG_WARN_DIRECT_OBJC_ISA_USAGE = YES_ERROR;
				CLANG_WARN_EMPTY_BODY = YES;
				CLANG_WARN_ENUM_CONVERSION = YES;
				CLANG_WARN_INT_CONVERSION = YES;
				CLANG_WARN_OBJC_ROOT_CLASS = YES_ERROR;
				CLANG_WARN_UNREACHABLE_CODE = YES;
				CLANG_WARN__DUPLICATE_METHOD_MATCH = YES;
				CODE_SIGN_IDENTITY = "-";
				COPY_PHASE_STRIP = NO;
				DEBUG_INFORMATION_FORMAT = dwarf;
				ENABLE_STRICT_OBJC_MSGSEND = YES;
				ENABLE_TESTABILITY = YES;
				GCC_C_LANGUAGE_STANDARD = gnu99;
				GCC_DYNAMIC_NO_PIC = NO;
				GCC_NO_COMMON_BLOCKS = YES;
				GCC_OPTIMIZATION_LEVEL = 0;
				GCC_PREPROCESSOR_DEFINITIONS = (
					"DEBUG=1",
					"$(inherited)",
				);
				GCC_WARN_64_TO_32_BIT_CONVERSION = YES;
				GCC_WARN_ABOUT_RETURN_TYPE = YES_ERROR;
				GCC_WARN_UNDECLARED_SELECTOR = YES;
				GCC_WARN_UNINITIALIZED_AUTOS = YES_AGGRESSIVE;
				GCC_WARN_UNUSED_FUNCTION = YES;
				GCC_WARN_UNUSED_VARIABLE = YES;
				MACOSX_DEPLOYMENT_TARGET = 10.11;
				MTL_ENABLE_DEBUG_INFO = YES;
				ONLY_ACTIVE_ARCH = YES;
				SDKROOT = macosx;
				SWIFT_OPTIMIZATION_LEVEL = "-Onone";
			};
			name = Debug;
		};
		721C79381C5D418C008EFF59 /* Release */ = {
			isa = XCBuildConfiguration;
			buildSettings = {
				ALWAYS_SEARCH_USER_PATHS = NO;
				CLANG_CXX_LANGUAGE_STANDARD = "gnu++0x";
				CLANG_CXX_LIBRARY = "libc++";
				CLANG_ENABLE_MODULES = YES;
				CLANG_ENABLE_OBJC_ARC = YES;
				CLANG_WARN_BOOL_CONVERSION = YES;
				CLANG_WARN_CONSTANT_CONVERSION = YES;
				CLANG_WARN_DIRECT_OBJC_ISA_USAGE = YES_ERROR;
				CLANG_WARN_EMPTY_BODY = YES;
				CLANG_WARN_ENUM_CONVERSION = YES;
				CLANG_WARN_INT_CONVERSION = YES;
				CLANG_WARN_OBJC_ROOT_CLASS = YES_ERROR;
				CLANG_WARN_UNREACHABLE_CODE = YES;
				CLANG_WARN__DUPLICATE_METHOD_MATCH = YES;
				CODE_SIGN_IDENTITY = "-";
				COPY_PHASE_STRIP = NO;
				DEBUG_INFORMATION_FORMAT = "dwarf-with-dsym";
				ENABLE_NS_ASSERTIONS = NO;
				ENABLE_STRICT_OBJC_MSGSEND = YES;
				GCC_C_LANGUAGE_STANDARD = gnu99;
				GCC_NO_COMMON_BLOCKS = YES;
				GCC_WARN_64_TO_32_BIT_CONVERSION = YES;
				GCC_WARN_ABOUT_RETURN_TYPE = YES_ERROR;
				GCC_WARN_UNDECLARED_SELECTOR = YES;
				GCC_WARN_UNINITIALIZED_AUTOS = YES_AGGRESSIVE;
				GCC_WARN_UNUSED_FUNCTION = YES;
				GCC_WARN_UNUSED_VARIABLE = YES;
				MACOSX_DEPLOYMENT_TARGET = 10.11;
				MTL_ENABLE_DEBUG_INFO = NO;
				SDKROOT = macosx;
			};
			name = Release;
		};
		721C793A1C5D418C008EFF59 /* Debug */ = {
			isa = XCBuildConfiguration;
			buildSettings = {
				ASSETCATALOG_COMPILER_APPICON_NAME = AppIcon;
				CLANG_ENABLE_MODULES = YES;
				CODE_SIGN_IDENTITY = "Developer ID Application";
				"CODE_SIGN_IDENTITY[sdk=macosx*]" = "Mac Developer";
				COMBINE_HIDPI_IMAGES = YES;
				EMBEDDED_CONTENT_CONTAINS_SWIFT = YES;
				INFOPLIST_FILE = Mac/Info.plist;
				LD_RUNPATH_SEARCH_PATHS = "$(inherited) @executable_path/../Frameworks";
				PRODUCT_BUNDLE_IDENTIFIER = "com.indragie.ares-mac";
				PRODUCT_NAME = Ares;
				PROVISIONING_PROFILE = "";
				SWIFT_OPTIMIZATION_LEVEL = "-Onone";
			};
			name = Debug;
		};
		721C793B1C5D418C008EFF59 /* Release */ = {
			isa = XCBuildConfiguration;
			buildSettings = {
				ASSETCATALOG_COMPILER_APPICON_NAME = AppIcon;
				CLANG_ENABLE_MODULES = YES;
				CODE_SIGN_IDENTITY = "Developer ID Application";
				"CODE_SIGN_IDENTITY[sdk=macosx*]" = "Mac Developer";
				COMBINE_HIDPI_IMAGES = YES;
				EMBEDDED_CONTENT_CONTAINS_SWIFT = YES;
				INFOPLIST_FILE = Mac/Info.plist;
				LD_RUNPATH_SEARCH_PATHS = "$(inherited) @executable_path/../Frameworks";
				PRODUCT_BUNDLE_IDENTIFIER = "com.indragie.ares-mac";
				PRODUCT_NAME = Ares;
				PROVISIONING_PROFILE = "";
			};
			name = Release;
		};
		721C796F1C5D426C008EFF59 /* Debug */ = {
			isa = XCBuildConfiguration;
			buildSettings = {
				ASSETCATALOG_COMPILER_APPICON_NAME = AppIcon;
				CLANG_ENABLE_MODULES = YES;
				CODE_SIGN_ENTITLEMENTS = Ares.entitlements;
				CODE_SIGN_IDENTITY = "iPhone Developer";
				"CODE_SIGN_IDENTITY[sdk=iphoneos*]" = "iPhone Developer";
				EMBEDDED_CONTENT_CONTAINS_SWIFT = YES;
				INFOPLIST_FILE = iOS/Info.plist;
				IPHONEOS_DEPLOYMENT_TARGET = 9.3;
				LD_RUNPATH_SEARCH_PATHS = "$(inherited) @executable_path/Frameworks";
				PRODUCT_BUNDLE_IDENTIFIER = com.indragie.ares;
				PRODUCT_NAME = Ares;
				SDKROOT = iphoneos;
				SWIFT_OPTIMIZATION_LEVEL = "-Onone";
			};
			name = Debug;
		};
		721C79701C5D426C008EFF59 /* Release */ = {
			isa = XCBuildConfiguration;
			buildSettings = {
				ASSETCATALOG_COMPILER_APPICON_NAME = AppIcon;
				CLANG_ENABLE_MODULES = YES;
				CODE_SIGN_ENTITLEMENTS = Ares.entitlements;
				CODE_SIGN_IDENTITY = "iPhone Developer";
				"CODE_SIGN_IDENTITY[sdk=iphoneos*]" = "iPhone Developer";
				EMBEDDED_CONTENT_CONTAINS_SWIFT = YES;
				INFOPLIST_FILE = iOS/Info.plist;
				IPHONEOS_DEPLOYMENT_TARGET = 9.3;
				LD_RUNPATH_SEARCH_PATHS = "$(inherited) @executable_path/Frameworks";
				PRODUCT_BUNDLE_IDENTIFIER = com.indragie.ares;
				PRODUCT_NAME = Ares;
				SDKROOT = iphoneos;
				VALIDATE_PRODUCT = YES;
			};
			name = Release;
		};
		721C798E1C5D42DE008EFF59 /* Debug */ = {
			isa = XCBuildConfiguration;
			buildSettings = {
				CLANG_ENABLE_MODULES = YES;
				COMBINE_HIDPI_IMAGES = YES;
				CURRENT_PROJECT_VERSION = 1;
				DEFINES_MODULE = YES;
				DYLIB_COMPATIBILITY_VERSION = 1;
				DYLIB_CURRENT_VERSION = 1;
				DYLIB_INSTALL_NAME_BASE = "@rpath";
				FRAMEWORK_VERSION = A;
				INFOPLIST_FILE = AresKit/Info.plist;
				INSTALL_PATH = "$(LOCAL_LIBRARY_DIR)/Frameworks";
				LD_RUNPATH_SEARCH_PATHS = "$(inherited) @executable_path/../Frameworks @loader_path/Frameworks";
				PRODUCT_BUNDLE_IDENTIFIER = "com.indragie.AresKit-Mac";
				PRODUCT_NAME = AresKit;
				SKIP_INSTALL = YES;
				SWIFT_OPTIMIZATION_LEVEL = "-Onone";
				VERSIONING_SYSTEM = "apple-generic";
				VERSION_INFO_PREFIX = "";
			};
			name = Debug;
		};
		721C798F1C5D42DE008EFF59 /* Release */ = {
			isa = XCBuildConfiguration;
			buildSettings = {
				CLANG_ENABLE_MODULES = YES;
				COMBINE_HIDPI_IMAGES = YES;
				CURRENT_PROJECT_VERSION = 1;
				DEFINES_MODULE = YES;
				DYLIB_COMPATIBILITY_VERSION = 1;
				DYLIB_CURRENT_VERSION = 1;
				DYLIB_INSTALL_NAME_BASE = "@rpath";
				FRAMEWORK_VERSION = A;
				INFOPLIST_FILE = AresKit/Info.plist;
				INSTALL_PATH = "$(LOCAL_LIBRARY_DIR)/Frameworks";
				LD_RUNPATH_SEARCH_PATHS = "$(inherited) @executable_path/../Frameworks @loader_path/Frameworks";
				PRODUCT_BUNDLE_IDENTIFIER = "com.indragie.AresKit-Mac";
				PRODUCT_NAME = AresKit;
				SKIP_INSTALL = YES;
				VERSIONING_SYSTEM = "apple-generic";
				VERSION_INFO_PREFIX = "";
			};
			name = Release;
		};
		721C79A01C5D4302008EFF59 /* Debug */ = {
			isa = XCBuildConfiguration;
			buildSettings = {
				CLANG_ENABLE_MODULES = YES;
				"CODE_SIGN_IDENTITY[sdk=iphoneos*]" = "iPhone Developer";
				CURRENT_PROJECT_VERSION = 1;
				DEFINES_MODULE = YES;
				DYLIB_COMPATIBILITY_VERSION = 1;
				DYLIB_CURRENT_VERSION = 1;
				DYLIB_INSTALL_NAME_BASE = "@rpath";
				INFOPLIST_FILE = AresKit/Info.plist;
				INSTALL_PATH = "$(LOCAL_LIBRARY_DIR)/Frameworks";
				IPHONEOS_DEPLOYMENT_TARGET = 9.3;
				LD_RUNPATH_SEARCH_PATHS = "$(inherited) @executable_path/Frameworks @loader_path/Frameworks";
				PRODUCT_BUNDLE_IDENTIFIER = "com.indragie.AresKit-iOS";
				PRODUCT_NAME = AresKit;
				SDKROOT = iphoneos;
				SKIP_INSTALL = YES;
				SWIFT_OPTIMIZATION_LEVEL = "-Onone";
				TARGETED_DEVICE_FAMILY = "1,2";
				VERSIONING_SYSTEM = "apple-generic";
				VERSION_INFO_PREFIX = "";
			};
			name = Debug;
		};
		721C79A11C5D4302008EFF59 /* Release */ = {
			isa = XCBuildConfiguration;
			buildSettings = {
				CLANG_ENABLE_MODULES = YES;
				"CODE_SIGN_IDENTITY[sdk=iphoneos*]" = "iPhone Developer";
				CURRENT_PROJECT_VERSION = 1;
				DEFINES_MODULE = YES;
				DYLIB_COMPATIBILITY_VERSION = 1;
				DYLIB_CURRENT_VERSION = 1;
				DYLIB_INSTALL_NAME_BASE = "@rpath";
				INFOPLIST_FILE = AresKit/Info.plist;
				INSTALL_PATH = "$(LOCAL_LIBRARY_DIR)/Frameworks";
				IPHONEOS_DEPLOYMENT_TARGET = 9.3;
				LD_RUNPATH_SEARCH_PATHS = "$(inherited) @executable_path/Frameworks @loader_path/Frameworks";
				PRODUCT_BUNDLE_IDENTIFIER = "com.indragie.AresKit-iOS";
				PRODUCT_NAME = AresKit;
				SDKROOT = iphoneos;
				SKIP_INSTALL = YES;
				TARGETED_DEVICE_FAMILY = "1,2";
				VALIDATE_PRODUCT = YES;
				VERSIONING_SYSTEM = "apple-generic";
				VERSION_INFO_PREFIX = "";
			};
			name = Release;
		};
/* End XCBuildConfiguration section */

/* Begin XCConfigurationList section */
		721C79271C5D418C008EFF59 /* Build configuration list for PBXProject "Ares" */ = {
			isa = XCConfigurationList;
			buildConfigurations = (
				721C79371C5D418C008EFF59 /* Debug */,
				721C79381C5D418C008EFF59 /* Release */,
			);
			defaultConfigurationIsVisible = 0;
			defaultConfigurationName = Release;
		};
		721C79391C5D418C008EFF59 /* Build configuration list for PBXNativeTarget "Ares-Mac" */ = {
			isa = XCConfigurationList;
			buildConfigurations = (
				721C793A1C5D418C008EFF59 /* Debug */,
				721C793B1C5D418C008EFF59 /* Release */,
			);
			defaultConfigurationIsVisible = 0;
			defaultConfigurationName = Release;
		};
		721C796E1C5D426C008EFF59 /* Build configuration list for PBXNativeTarget "Ares-iOS" */ = {
			isa = XCConfigurationList;
			buildConfigurations = (
				721C796F1C5D426C008EFF59 /* Debug */,
				721C79701C5D426C008EFF59 /* Release */,
			);
			defaultConfigurationIsVisible = 0;
			defaultConfigurationName = Release;
		};
		721C798D1C5D42DE008EFF59 /* Build configuration list for PBXNativeTarget "AresKit-Mac" */ = {
			isa = XCConfigurationList;
			buildConfigurations = (
				721C798E1C5D42DE008EFF59 /* Debug */,
				721C798F1C5D42DE008EFF59 /* Release */,
			);
			defaultConfigurationIsVisible = 0;
			defaultConfigurationName = Release;
		};
		721C799F1C5D4302008EFF59 /* Build configuration list for PBXNativeTarget "AresKit-iOS" */ = {
			isa = XCConfigurationList;
			buildConfigurations = (
				721C79A01C5D4302008EFF59 /* Debug */,
				721C79A11C5D4302008EFF59 /* Release */,
			);
			defaultConfigurationIsVisible = 0;
			defaultConfigurationName = Release;
		};
/* End XCConfigurationList section */
	};
	rootObject = 721C79241C5D418C008EFF59 /* Project object */;
}
